
Microsoft Visual Studio Solution File, Format Version 12.00
# Visual Studio Version 17
VisualStudioVersion = 17.14.36429.23 d17.14
MinimumVisualStudioVersion = 10.0.40219.1
Project("{FAE04EC0-301F-11D3-BF4B-00C04F79EFBC}") = "Solution-for-Lab3", "Solution-for-Lab3\Solution-for-Lab3.csproj", "{9489C595-8763-4777-BCCE-C823E58D1626}"
EndProject
Global
	GlobalSection(SolutionConfigurationPlatforms) = preSolution
		Debug|Any CPU = Debug|Any CPU
		Release|Any CPU = Release|Any CPU
	EndGlobalSection
	GlobalSection(ProjectConfigurationPlatforms) = postSolution
		{9489C595-8763-4777-BCCE-C823E58D1626}.Debug|Any CPU.ActiveCfg = Debug|Any CPU
		{9489C595-8763-4777-BCCE-C823E58D1626}.Debug|Any CPU.Build.0 = Debug|Any CPU
		{9489C595-8763-4777-BCCE-C823E58D1626}.Release|Any CPU.ActiveCfg = Release|Any CPU
		{9489C595-8763-4777-BCCE-C823E58D1626}.Release|Any CPU.Build.0 = Release|Any CPU
	EndGlobalSection
	GlobalSection(SolutionProperties) = preSolution
		HideSolutionNode = FALSE
	EndGlobalSection
	GlobalSection(ExtensibilityGlobals) = postSolution
		SolutionGuid = {DE0D2ED7-8716-4446-8002-946EF43EFC27}
	EndGlobalSection
EndGlobal
